<?xml version="1.0" encoding="utf-8"?>
<Project ToolsVersion="4.0" xmlns="http://schemas.microsoft.com/developer/msbuild/2003">
  <ItemGroup>
    <Filter Include="소스 파일">
      <UniqueIdentifier>{4FC737F1-C7A5-4376-A066-2A32D752A2FF}</UniqueIdentifier>
      <Extensions>cpp;c;cc;cxx;def;odl;idl;hpj;bat;asm;asmx</Extensions>
    </Filter>
    <Filter Include="헤더 파일">
      <UniqueIdentifier>{93995380-89BD-4b04-88EB-625FBE52EBFB}</UniqueIdentifier>
      <Extensions>h;hh;hpp;hxx;hm;inl;inc;xsd</Extensions>
    </Filter>
    <Filter Include="리소스 파일">
      <UniqueIdentifier>{67DA6AB6-F800-4c08-8B7A-83BB121AAD01}</UniqueIdentifier>
      <Extensions>rc;ico;cur;bmp;dlg;rc2;rct;bin;rgs;gif;jpg;jpeg;jpe;resx;tiff;tif;png;wav;mfcribbon-ms</Extensions>
    </Filter>
    <Filter Include="소스 파일\CBoard">
      <UniqueIdentifier>{df3747e2-9045-43c2-b235-aa824205484e}</UniqueIdentifier>
    </Filter>
    <Filter Include="소스 파일\CRect">
      <UniqueIdentifier>{2bd022ab-f2fa-4a62-85e8-7bff7acac00f}</UniqueIdentifier>
    </Filter>
    <Filter Include="소스 파일\CMouse">
      <UniqueIdentifier>{f4b8ea2e-3b2f-4666-ac5b-4a8b7ea9d247}</UniqueIdentifier>
    </Filter>
    <Filter Include="소스 파일\CBlock">
      <UniqueIdentifier>{023f2982-25d8-48f0-95de-333858090490}</UniqueIdentifier>
    </Filter>
    <Filter Include="소스 파일\CBlock\NewBlock">
      <UniqueIdentifier>{f2c5d080-48cf-48fa-9204-04b011920da6}</UniqueIdentifier>
    </Filter>
    <Filter Include="소스 파일\CBoard\NewBoard">
      <UniqueIdentifier>{fb94bdd2-00aa-453e-9d21-cdb29c5866a0}</UniqueIdentifier>
    </Filter>
    <Filter Include="소스 파일\Time">
      <UniqueIdentifier>{a8507cc9-2594-4035-b9e8-9e18321c0448}</UniqueIdentifier>
    </Filter>
  </ItemGroup>
  <ItemGroup>
    <ClCompile Include="소스.cpp">
      <Filter>소스 파일</Filter>
    </ClCompile>
    <ClCompile Include="Rectangle.cpp">
      <Filter>소스 파일\CRect</Filter>
    </ClCompile>
    <ClCompile Include="GameManager.cpp">
      <Filter>소스 파일</Filter>
    </ClCompile>
    <ClCompile Include="Mouse.cpp">
      <Filter>소스 파일\CMouse</Filter>
    </ClCompile>
    <ClCompile Include="Vector2.cpp">
      <Filter>소스 파일</Filter>
    </ClCompile>
    <ClCompile Include="CNewBlock.cpp">
      <Filter>소스 파일\CBlock\NewBlock</Filter>
    </ClCompile>
    <ClCompile Include="CNewBoard.cpp">
      <Filter>소스 파일\CBoard\NewBoard</Filter>
    </ClCompile>
    <ClCompile Include="CYHTime.cpp">
      <Filter>소스 파일</Filter>
    </ClCompile>
    <ClCompile Include="CYHObserver.cpp">
      <Filter>소스 파일</Filter>
    </ClCompile>
  </ItemGroup>
  <ItemGroup>
    <ClInclude Include="define.h">
      <Filter>헤더 파일</Filter>
    </ClInclude>
    <ClInclude Include="enum.h">
      <Filter>헤더 파일</Filter>
    </ClInclude>
    <ClInclude Include="Rectangle.h">
      <Filter>소스 파일\CRect</Filter>
    </ClInclude>
    <ClInclude Include="resource.h">
      <Filter>헤더 파일</Filter>
    </ClInclude>
    <ClInclude Include="GameManager.h">
      <Filter>헤더 파일</Filter>
    </ClInclude>
    <ClInclude Include="Mouse.h">
      <Filter>소스 파일\CMouse</Filter>
    </ClInclude>
    <ClInclude Include="inline.h">
      <Filter>헤더 파일</Filter>
    </ClInclude>
    <ClInclude Include="Vector2.h">
      <Filter>소스 파일</Filter>
    </ClInclude>
    <ClInclude Include="CNewBlock.h">
      <Filter>소스 파일\CBlock\NewBlock</Filter>
    </ClInclude>
    <ClInclude Include="CNewBoard.h">
      <Filter>소스 파일\CBoard\NewBoard</Filter>
    </ClInclude>
    <ClInclude Include="CYHTime.h">
      <Filter>헤더 파일</Filter>
    </ClInclude>
    <ClInclude Include="CYHObserver.h">
      <Filter>헤더 파일</Filter>
    </ClInclude>
  </ItemGroup>
  <ItemGroup>
    <ResourceCompile Include="API2048.rc">
      <Filter>리소스 파일</Filter>
    </ResourceCompile>
  </ItemGroup>
  <ItemGroup>
    <Image Include="..\..\..\..\..\Pictures\bitmap\풍선.bmp">
      <Filter>리소스 파일</Filter>
    </Image>
    <Image Include="bitmap1.bmp">
      <Filter>리소스 파일</Filter>
    </Image>
    <Image Include="bitmap2.bmp">
      <Filter>리소스 파일</Filter>
    </Image>
    <Image Include="bitmap3.bmp">
      <Filter>리소스 파일</Filter>
    </Image>
    <Image Include="bitmap4.bmp">
      <Filter>리소스 파일</Filter>
    </Image>
    <Image Include="bitmap5.bmp">
      <Filter>리소스 파일</Filter>
    </Image>
    <Image Include="bitmap6.bmp">
      <Filter>리소스 파일</Filter>
    </Image>
    <Image Include="bitmap7.bmp">
      <Filter>리소스 파일</Filter>
    </Image>
    <Image Include="bitmap8.bmp">
      <Filter>리소스 파일</Filter>
    </Image>
    <Image Include="bitmap9.bmp">
      <Filter>리소스 파일</Filter>
    </Image>
    <Image Include="bitmap10.bmp">
      <Filter>리소스 파일</Filter>
    </Image>
    <Image Include="bitmap11.bmp">
      <Filter>리소스 파일</Filter>
    </Image>
    <Image Include="풍선.bmp">
      <Filter>리소스 파일</Filter>
    </Image>
    <Image Include="back.bmp">
      <Filter>리소스 파일</Filter>
    </Image>
  </ItemGroup>
  <ItemGroup>
    <None Include="ClassDiagram.cd" />
    <None Include="ClassDiagram1.cd" />
  </ItemGroup>
</Project>